// !$*UTF8*$!
{
	archiveVersion = 1;
	classes = {
	};
	objectVersion = 56;
	objects = {

/* Begin PBXBuildFile section */
		3F9A368F2C23F26400BA19A8 /* Landing_ScreenApp.swift in Sources */ = {isa = PBXBuildFile; fileRef = 3F9A368E2C23F26400BA19A8 /* Landing_ScreenApp.swift */; };
		3F9A36912C23F26400BA19A8 /* LaunchView.swift in Sources */ = {isa = PBXBuildFile; fileRef = 3F9A36902C23F26400BA19A8 /* LaunchView.swift */; };
		3F9A36932C23F26500BA19A8 /* Assets.xcassets in Resources */ = {isa = PBXBuildFile; fileRef = 3F9A36922C23F26500BA19A8 /* Assets.xcassets */; };
		3F9A36962C23F26500BA19A8 /* Preview Assets.xcassets in Resources */ = {isa = PBXBuildFile; fileRef = 3F9A36952C23F26500BA19A8 /* Preview Assets.xcassets */; };
		3F9A36A02C23F26500BA19A8 /* Landing_ScreenTests.swift in Sources */ = {isa = PBXBuildFile; fileRef = 3F9A369F2C23F26500BA19A8 /* Landing_ScreenTests.swift */; };
		3F9A36AA2C23F26500BA19A8 /* Landing_ScreenUITests.swift in Sources */ = {isa = PBXBuildFile; fileRef = 3F9A36A92C23F26500BA19A8 /* Landing_ScreenUITests.swift */; };
		3F9A36AC2C23F26500BA19A8 /* Landing_ScreenUITestsLaunchTests.swift in Sources */ = {isa = PBXBuildFile; fileRef = 3F9A36AB2C23F26500BA19A8 /* Landing_ScreenUITestsLaunchTests.swift */; };
		3F9A36B92C23F3B200BA19A8 /* HomeView.swift in Sources */ = {isa = PBXBuildFile; fileRef = 3F9A36B82C23F3B200BA19A8 /* HomeView.swift */; };
		3F9A36BF2C23F92700BA19A8 /* LaunchScreenView.swift in Sources */ = {isa = PBXBuildFile; fileRef = 3F9A36BE2C23F92700BA19A8 /* LaunchScreenView.swift */; };
/* End PBXBuildFile section */

/* Begin PBXContainerItemProxy section */
		3F9A369C2C23F26500BA19A8 /* PBXContainerItemProxy */ = {
			isa = PBXContainerItemProxy;
			containerPortal = 3F9A36832C23F26400BA19A8 /* Project object */;
			proxyType = 1;
			remoteGlobalIDString = 3F9A368A2C23F26400BA19A8;
			remoteInfo = "Landing Screen";
		};
		3F9A36A62C23F26500BA19A8 /* PBXContainerItemProxy */ = {
			isa = PBXContainerItemProxy;
			containerPortal = 3F9A36832C23F26400BA19A8 /* Project object */;
			proxyType = 1;
			remoteGlobalIDString = 3F9A368A2C23F26400BA19A8;
			remoteInfo = "Landing Screen";
		};
/* End PBXContainerItemProxy section */

/* Begin PBXFileReference section */
		3F9A368B2C23F26400BA19A8 /* Landing Screen.app */ = {isa = PBXFileReference; explicitFileType = wrapper.application; includeInIndex = 0; path = "Landing Screen.app"; sourceTree = BUILT_PRODUCTS_DIR; };
		3F9A368E2C23F26400BA19A8 /* Landing_ScreenApp.swift */ = {isa = PBXFileReference; lastKnownFileType = sourcecode.swift; path = Landing_ScreenApp.swift; sourceTree = "<group>"; };
		3F9A36902C23F26400BA19A8 /* LaunchView.swift */ = {isa = PBXFileReference; lastKnownFileType = sourcecode.swift; path = LaunchView.swift; sourceTree = "<group>"; };
		3F9A36922C23F26500BA19A8 /* Assets.xcassets */ = {isa = PBXFileReference; lastKnownFileType = folder.assetcatalog; path = Assets.xcassets; sourceTree = "<group>"; };
		3F9A36952C23F26500BA19A8 /* Preview Assets.xcassets */ = {isa = PBXFileReference; lastKnownFileType = folder.assetcatalog; path = "Preview Assets.xcassets"; sourceTree = "<group>"; };
		3F9A369B2C23F26500BA19A8 /* Landing ScreenTests.xctest */ = {isa = PBXFileReference; explicitFileType = wrapper.cfbundle; includeInIndex = 0; path = "Landing ScreenTests.xctest"; sourceTree = BUILT_PRODUCTS_DIR; };
		3F9A369F2C23F26500BA19A8 /* Landing_ScreenTests.swift */ = {isa = PBXFileReference; lastKnownFileType = sourcecode.swift; path = Landing_ScreenTests.swift; sourceTree = "<group>"; };
		3F9A36A52C23F26500BA19A8 /* Landing ScreenUITests.xctest */ = {isa = PBXFileReference; explicitFileType = wrapper.cfbundle; includeInIndex = 0; path = "Landing ScreenUITests.xctest"; sourceTree = BUILT_PRODUCTS_DIR; };
		3F9A36A92C23F26500BA19A8 /* Landing_ScreenUITests.swift */ = {isa = PBXFileReference; lastKnownFileType = sourcecode.swift; path = Landing_ScreenUITests.swift; sourceTree = "<group>"; };
		3F9A36AB2C23F26500BA19A8 /* Landing_ScreenUITestsLaunchTests.swift */ = {isa = PBXFileReference; lastKnownFileType = sourcecode.swift; path = Landing_ScreenUITestsLaunchTests.swift; sourceTree = "<group>"; };
		3F9A36B82C23F3B200BA19A8 /* HomeView.swift */ = {isa = PBXFileReference; lastKnownFileType = sourcecode.swift; path = HomeView.swift; sourceTree = "<group>"; };
		3F9A36BE2C23F92700BA19A8 /* LaunchScreenView.swift */ = {isa = PBXFileReference; lastKnownFileType = sourcecode.swift; path = LaunchScreenView.swift; sourceTree = "<group>"; };
/* End PBXFileReference section */

/* Begin PBXFrameworksBuildPhase section */
		3F9A36882C23F26400BA19A8 /* Frameworks */ = {
			isa = PBXFrameworksBuildPhase;
			buildActionMask = 2147483647;
			files = (
			);
			runOnlyForDeploymentPostprocessing = 0;
		};
		3F9A36982C23F26500BA19A8 /* Frameworks */ = {
			isa = PBXFrameworksBuildPhase;
			buildActionMask = 2147483647;
			files = (
			);
			runOnlyForDeploymentPostprocessing = 0;
		};
		3F9A36A22C23F26500BA19A8 /* Frameworks */ = {
			isa = PBXFrameworksBuildPhase;
			buildActionMask = 2147483647;
			files = (
			);
			runOnlyForDeploymentPostprocessing = 0;
		};
/* End PBXFrameworksBuildPhase section */

/* Begin PBXGroup section */
		3F9A36822C23F26400BA19A8 = {
			isa = PBXGroup;
			children = (
				3F9A368D2C23F26400BA19A8 /* Landing Screen */,
				3F9A369E2C23F26500BA19A8 /* Landing ScreenTests */,
				3F9A36A82C23F26500BA19A8 /* Landing ScreenUITests */,
				3F9A368C2C23F26400BA19A8 /* Products */,
			);
			sourceTree = "<group>";
		};
		3F9A368C2C23F26400BA19A8 /* Products */ = {
			isa = PBXGroup;
			children = (
				3F9A368B2C23F26400BA19A8 /* Landing Screen.app */,
				3F9A369B2C23F26500BA19A8 /* Landing ScreenTests.xctest */,
				3F9A36A52C23F26500BA19A8 /* Landing ScreenUITests.xctest */,
			);
			name = Products;
			sourceTree = "<group>";
		};
		3F9A368D2C23F26400BA19A8 /* Landing Screen */ = {
			isa = PBXGroup;
			children = (
				3F9A368E2C23F26400BA19A8 /* Landing_ScreenApp.swift */,
				3F9A36902C23F26400BA19A8 /* LaunchView.swift */,
				3F9A36B82C23F3B200BA19A8 /* HomeView.swift */,
				3F9A36BE2C23F92700BA19A8 /* LaunchScreenView.swift */,
				3F9A36922C23F26500BA19A8 /* Assets.xcassets */,
				3F9A36942C23F26500BA19A8 /* Preview Content */,
			);
			path = "Landing Screen";
			sourceTree = "<group>";
		};
		3F9A36942C23F26500BA19A8 /* Preview Content */ = {
			isa = PBXGroup;
			children = (
				3F9A36952C23F26500BA19A8 /* Preview Assets.xcassets */,
			);
			path = "Preview Content";
			sourceTree = "<group>";
		};
		3F9A369E2C23F26500BA19A8 /* Landing ScreenTests */ = {
			isa = PBXGroup;
			children = (
				3F9A369F2C23F26500BA19A8 /* Landing_ScreenTests.swift */,
			);
			path = "Landing ScreenTests";
			sourceTree = "<group>";
		};
		3F9A36A82C23F26500BA19A8 /* Landing ScreenUITests */ = {
			isa = PBXGroup;
			children = (
				3F9A36A92C23F26500BA19A8 /* Landing_ScreenUITests.swift */,
				3F9A36AB2C23F26500BA19A8 /* Landing_ScreenUITestsLaunchTests.swift */,
			);
			path = "Landing ScreenUITests";
			sourceTree = "<group>";
		};
/* End PBXGroup section */

/* Begin PBXNativeTarget section */
		3F9A368A2C23F26400BA19A8 /* Landing Screen */ = {
			isa = PBXNativeTarget;
			buildConfigurationList = 3F9A36AF2C23F26500BA19A8 /* Build configuration list for PBXNativeTarget "Landing Screen" */;
			buildPhases = (
				3F9A36872C23F26400BA19A8 /* Sources */,
				3F9A36882C23F26400BA19A8 /* Frameworks */,
				3F9A36892C23F26400BA19A8 /* Resources */,
			);
			buildRules = (
			);
			dependencies = (
			);
			name = "Landing Screen";
			productName = "Landing Screen";
			productReference = 3F9A368B2C23F26400BA19A8 /* Landing Screen.app */;
			productType = "com.apple.product-type.application";
		};
		3F9A369A2C23F26500BA19A8 /* Landing ScreenTests */ = {
			isa = PBXNativeTarget;
			buildConfigurationList = 3F9A36B22C23F26500BA19A8 /* Build configuration list for PBXNativeTarget "Landing ScreenTests" */;
			buildPhases = (
				3F9A36972C23F26500BA19A8 /* Sources */,
				3F9A36982C23F26500BA19A8 /* Frameworks */,
				3F9A36992C23F26500BA19A8 /* Resources */,
			);
			buildRules = (
			);
			dependencies = (
				3F9A369D2C23F26500BA19A8 /* PBXTargetDependency */,
			);
			name = "Landing ScreenTests";
			productName = "Landing ScreenTests";
			productReference = 3F9A369B2C23F26500BA19A8 /* Landing ScreenTests.xctest */;
			productType = "com.apple.product-type.bundle.unit-test";
		};
		3F9A36A42C23F26500BA19A8 /* Landing ScreenUITests */ = {
			isa = PBXNativeTarget;
			buildConfigurationList = 3F9A36B52C23F26500BA19A8 /* Build configuration list for PBXNativeTarget "Landing ScreenUITests" */;
			buildPhases = (
				3F9A36A12C23F26500BA19A8 /* Sources */,
				3F9A36A22C23F26500BA19A8 /* Frameworks */,
				3F9A36A32C23F26500BA19A8 /* Resources */,
			);
			buildRules = (
			);
			dependencies = (
				3F9A36A72C23F26500BA19A8 /* PBXTargetDependency */,
			);
			name = "Landing ScreenUITests";
			productName = "Landing ScreenUITests";
			productReference = 3F9A36A52C23F26500BA19A8 /* Landing ScreenUITests.xctest */;
			productType = "com.apple.product-type.bundle.ui-testing";
		};
/* End PBXNativeTarget section */

/* Begin PBXProject section */
		3F9A36832C23F26400BA19A8 /* Project object */ = {
			isa = PBXProject;
			attributes = {
				BuildIndependentTargetsInParallel = 1;
				LastSwiftUpdateCheck = 1510;
				LastUpgradeCheck = 1510;
				TargetAttributes = {
					3F9A368A2C23F26400BA19A8 = {
						CreatedOnToolsVersion = 15.1;
					};
					3F9A369A2C23F26500BA19A8 = {
						CreatedOnToolsVersion = 15.1;
						TestTargetID = 3F9A368A2C23F26400BA19A8;
					};
					3F9A36A42C23F26500BA19A8 = {
						CreatedOnToolsVersion = 15.1;
						TestTargetID = 3F9A368A2C23F26400BA19A8;
					};
				};
			};
			buildConfigurationList = 3F9A36862C23F26400BA19A8 /* Build configuration list for PBXProject "Landing Screen" */;
			compatibilityVersion = "Xcode 14.0";
			developmentRegion = en;
			hasScannedForEncodings = 0;
			knownRegions = (
				en,
				Base,
			);
			mainGroup = 3F9A36822C23F26400BA19A8;
			productRefGroup = 3F9A368C2C23F26400BA19A8 /* Products */;
			projectDirPath = "";
			projectRoot = "";
			targets = (
				3F9A368A2C23F26400BA19A8 /* Landing Screen */,
				3F9A369A2C23F26500BA19A8 /* Landing ScreenTests */,
				3F9A36A42C23F26500BA19A8 /* Landing ScreenUITests */,
			);
		};
/* End PBXProject section */

/* Begin PBXResourcesBuildPhase section */
		3F9A36892C23F26400BA19A8 /* Resources */ = {
			isa = PBXResourcesBuildPhase;
			buildActionMask = 2147483647;
			files = (
				3F9A36962C23F26500BA19A8 /* Preview Assets.xcassets in Resources */,
				3F9A36932C23F26500BA19A8 /* Assets.xcassets in Resources */,
			);
			runOnlyForDeploymentPostprocessing = 0;
		};
		3F9A36992C23F26500BA19A8 /* Resources */ = {
			isa = PBXResourcesBuildPhase;
			buildActionMask = 2147483647;
			files = (
			);
			runOnlyForDeploymentPostprocessing = 0;
		};
		3F9A36A32C23F26500BA19A8 /* Resources */ = {
			isa = PBXResourcesBuildPhase;
			buildActionMask = 2147483647;
			files = (
			);
			runOnlyForDeploymentPostprocessing = 0;
		};
/* End PBXResourcesBuildPhase section */

/* Begin PBXSourcesBuildPhase section */
		3F9A36872C23F26400BA19A8 /* Sources */ = {
			isa = PBXSourcesBuildPhase;
			buildActionMask = 2147483647;
			files = (
				3F9A36BF2C23F92700BA19A8 /* LaunchScreenView.swift in Sources */,
				3F9A36B92C23F3B200BA19A8 /* HomeView.swift in Sources */,
				3F9A36912C23F26400BA19A8 /* LaunchView.swift in Sources */,
				3F9A368F2C23F26400BA19A8 /* Landing_ScreenApp.swift in Sources */,
			);
			runOnlyForDeploymentPostprocessing = 0;
		};
		3F9A36972C23F26500BA19A8 /* Sources */ = {
			isa = PBXSourcesBuildPhase;
			buildActionMask = 2147483647;
			files = (
				3F9A36A02C23F26500BA19A8 /* Landing_ScreenTests.swift in Sources */,
			);
			runOnlyForDeploymentPostprocessing = 0;
		};
		3F9A36A12C23F26500BA19A8 /* Sources */ = {
			isa = PBXSourcesBuildPhase;
			buildActionMask = 2147483647;
			files = (
				3F9A36AC2C23F26500BA19A8 /* Landing_ScreenUITestsLaunchTests.swift in Sources */,
				3F9A36AA2C23F26500BA19A8 /* Landing_ScreenUITests.swift in Sources */,
			);
			runOnlyForDeploymentPostprocessing = 0;
		};
/* End PBXSourcesBuildPhase section */

/* Begin PBXTargetDependency section */
		3F9A369D2C23F26500BA19A8 /* PBXTargetDependency */ = {
			isa = PBXTargetDependency;
			target = 3F9A368A2C23F26400BA19A8 /* Landing Screen */;
			targetProxy = 3F9A369C2C23F26500BA19A8 /* PBXContainerItemProxy */;
		};
		3F9A36A72C23F26500BA19A8 /* PBXTargetDependency */ = {
			isa = PBXTargetDependency;
			target = 3F9A368A2C23F26400BA19A8 /* Landing Screen */;
			targetProxy = 3F9A36A62C23F26500BA19A8 /* PBXContainerItemProxy */;
		};
/* End PBXTargetDependency section */

/* Begin XCBuildConfiguration section */
		3F9A36AD2C23F26500BA19A8 /* Debug */ = {
			isa = XCBuildConfiguration;
			buildSettings = {
				ALWAYS_SEARCH_USER_PATHS = NO;
				ASSETCATALOG_COMPILER_GENERATE_SWIFT_ASSET_SYMBOL_EXTENSIONS = YES;
				CLANG_ANALYZER_NONNULL = YES;
				CLANG_ANALYZER_NUMBER_OBJECT_CONVERSION = YES_AGGRESSIVE;
				CLANG_CXX_LANGUAGE_STANDARD = "gnu++20";
				CLANG_ENABLE_MODULES = YES;
				CLANG_ENABLE_OBJC_ARC = YES;
				CLANG_ENABLE_OBJC_WEAK = YES;
				CLANG_WARN_BLOCK_CAPTURE_AUTORELEASING = YES;
				CLANG_WARN_BOOL_CONVERSION = YES;
				CLANG_WARN_COMMA = YES;
				CLANG_WARN_CONSTANT_CONVERSION = YES;
				CLANG_WARN_DEPRECATED_OBJC_IMPLEMENTATIONS = YES;
				CLANG_WARN_DIRECT_OBJC_ISA_USAGE = YES_ERROR;
				CLANG_WARN_DOCUMENTATION_COMMENTS = YES;
				CLANG_WARN_EMPTY_BODY = YES;
				CLANG_WARN_ENUM_CONVERSION = YES;
				CLANG_WARN_INFINITE_RECURSION = YES;
				CLANG_WARN_INT_CONVERSION = YES;
				CLANG_WARN_NON_LITERAL_NULL_CONVERSION = YES;
				CLANG_WARN_OBJC_IMPLICIT_RETAIN_SELF = YES;
				CLANG_WARN_OBJC_LITERAL_CONVERSION = YES;
				CLANG_WARN_OBJC_ROOT_CLASS = YES_ERROR;
				CLANG_WARN_QUOTED_INCLUDE_IN_FRAMEWORK_HEADER = YES;
				CLANG_WARN_RANGE_LOOP_ANALYSIS = YES;
				CLANG_WARN_STRICT_PROTOTYPES = YES;
				CLANG_WARN_SUSPICIOUS_MOVE = YES;
				CLANG_WARN_UNGUARDED_AVAILABILITY = YES_AGGRESSIVE;
				CLANG_WARN_UNREACHABLE_CODE = YES;
				CLANG_WARN__DUPLICATE_METHOD_MATCH = YES;
				COPY_PHASE_STRIP = NO;
				DEBUG_INFORMATION_FORMAT = dwarf;
				ENABLE_STRICT_OBJC_MSGSEND = YES;
				ENABLE_TESTABILITY = YES;
				ENABLE_USER_SCRIPT_SANDBOXING = YES;
				GCC_C_LANGUAGE_STANDARD = gnu17;
				GCC_DYNAMIC_NO_PIC = NO;
				GCC_NO_COMMON_BLOCKS = YES;
				GCC_OPTIMIZATION_LEVEL = 0;
				GCC_PREPROCESSOR_DEFINITIONS = (
					"DEBUG=1",
					"$(inherited)",
				);
				GCC_WARN_64_TO_32_BIT_CONVERSION = YES;
				GCC_WARN_ABOUT_RETURN_TYPE = YES_ERROR;
				GCC_WARN_UNDECLARED_SELECTOR = YES;
				GCC_WARN_UNINITIALIZED_AUTOS = YES_AGGRESSIVE;
				GCC_WARN_UNUSED_FUNCTION = YES;
				GCC_WARN_UNUSED_VARIABLE = YES;
				IPHONEOS_DEPLOYMENT_TARGET = 17.2;
				LOCALIZATION_PREFERS_STRING_CATALOGS = YES;
				MTL_ENABLE_DEBUG_INFO = INCLUDE_SOURCE;
				MTL_FAST_MATH = YES;
				ONLY_ACTIVE_ARCH = YES;
				SDKROOT = iphoneos;
				SWIFT_ACTIVE_COMPILATION_CONDITIONS = "DEBUG $(inherited)";
				SWIFT_OPTIMIZATION_LEVEL = "-Onone";
			};
			name = Debug;
		};
		3F9A36AE2C23F26500BA19A8 /* Release */ = {
			isa = XCBuildConfiguration;
			buildSettings = {
				ALWAYS_SEARCH_USER_PATHS = NO;
				ASSETCATALOG_COMPILER_GENERATE_SWIFT_ASSET_SYMBOL_EXTENSIONS = YES;
				CLANG_ANALYZER_NONNULL = YES;
				CLANG_ANALYZER_NUMBER_OBJECT_CONVERSION = YES_AGGRESSIVE;
				CLANG_CXX_LANGUAGE_STANDARD = "gnu++20";
				CLANG_ENABLE_MODULES = YES;
				CLANG_ENABLE_OBJC_ARC = YES;
				CLANG_ENABLE_OBJC_WEAK = YES;
				CLANG_WARN_BLOCK_CAPTURE_AUTORELEASING = YES;
				CLANG_WARN_BOOL_CONVERSION = YES;
				CLANG_WARN_COMMA = YES;
				CLANG_WARN_CONSTANT_CONVERSION = YES;
				CLANG_WARN_DEPRECATED_OBJC_IMPLEMENTATIONS = YES;
				CLANG_WARN_DIRECT_OBJC_ISA_USAGE = YES_ERROR;
				CLANG_WARN_DOCUMENTATION_COMMENTS = YES;
				CLANG_WARN_EMPTY_BODY = YES;
				CLANG_WARN_ENUM_CONVERSION = YES;
				CLANG_WARN_INFINITE_RECURSION = YES;
				CLANG_WARN_INT_CONVERSION = YES;
				CLANG_WARN_NON_LITERAL_NULL_CONVERSION = YES;
				CLANG_WARN_OBJC_IMPLICIT_RETAIN_SELF = YES;
				CLANG_WARN_OBJC_LITERAL_CONVERSION = YES;
				CLANG_WARN_OBJC_ROOT_CLASS = YES_ERROR;
				CLANG_WARN_QUOTED_INCLUDE_IN_FRAMEWORK_HEADER = YES;
				CLANG_WARN_RANGE_LOOP_ANALYSIS = YES;
				CLANG_WARN_STRICT_PROTOTYPES = YES;
				CLANG_WARN_SUSPICIOUS_MOVE = YES;
				CLANG_WARN_UNGUARDED_AVAILABILITY = YES_AGGRESSIVE;
				CLANG_WARN_UNREACHABLE_CODE = YES;
				CLANG_WARN__DUPLICATE_METHOD_MATCH = YES;
				COPY_PHASE_STRIP = NO;
				DEBUG_INFORMATION_FORMAT = "dwarf-with-dsym";
				ENABLE_NS_ASSERTIONS = NO;
				ENABLE_STRICT_OBJC_MSGSEND = YES;
				ENABLE_USER_SCRIPT_SANDBOXING = YES;
				GCC_C_LANGUAGE_STANDARD = gnu17;
				GCC_NO_COMMON_BLOCKS = YES;
				GCC_WARN_64_TO_32_BIT_CONVERSION = YES;
				GCC_WARN_ABOUT_RETURN_TYPE = YES_ERROR;
				GCC_WARN_UNDECLARED_SELECTOR = YES;
				GCC_WARN_UNINITIALIZED_AUTOS = YES_AGGRESSIVE;
				GCC_WARN_UNUSED_FUNCTION = YES;
				GCC_WARN_UNUSED_VARIABLE = YES;
				IPHONEOS_DEPLOYMENT_TARGET = 17.2;
				LOCALIZATION_PREFERS_STRING_CATALOGS = YES;
				MTL_ENABLE_DEBUG_INFO = NO;
				MTL_FAST_MATH = YES;
				SDKROOT = iphoneos;
				SWIFT_COMPILATION_MODE = wholemodule;
				VALIDATE_PRODUCT = YES;
			};
			name = Release;
		};
		3F9A36B02C23F26500BA19A8 /* Debug */ = {
			isa = XCBuildConfiguration;
			buildSettings = {
				ASSETCATALOG_COMPILER_APPICON_NAME = AppIcon;
				ASSETCATALOG_COMPILER_GLOBAL_ACCENT_COLOR_NAME = AccentColor;
				CODE_SIGN_STYLE = Automatic;
				CURRENT_PROJECT_VERSION = 1;
				DEVELOPMENT_ASSET_PATHS = "\"Landing Screen/Preview Content\"";
				ENABLE_PREVIEWS = YES;
				GENERATE_INFOPLIST_FILE = YES;
				INFOPLIST_KEY_UIApplicationSceneManifest_Generation = YES;
				INFOPLIST_KEY_UIApplicationSupportsIndirectInputEvents = YES;
				INFOPLIST_KEY_UILaunchScreen_Generation = YES;
				INFOPLIST_KEY_UISupportedInterfaceOrientations_iPad = "UIInterfaceOrientationPortrait UIInterfaceOrientationPortraitUpsideDown UIInterfaceOrientationLandscapeLeft UIInterfaceOrientationLandscapeRight";
				INFOPLIST_KEY_UISupportedInterfaceOrientations_iPhone = "UIInterfaceOrientationPortrait UIInterfaceOrientationLandscapeLeft UIInterfaceOrientationLandscapeRight";
				LD_RUNPATH_SEARCH_PATHS = (
					"$(inherited)",
					"@executable_path/Frameworks",
				);
				MARKETING_VERSION = 1.0;
				PRODUCT_BUNDLE_IDENTIFIER = "com.App.Landing-Screen";
				PRODUCT_NAME = "$(TARGET_NAME)";
				SWIFT_EMIT_LOC_STRINGS = YES;
				SWIFT_VERSION = 5.0;
				TARGETED_DEVICE_FAMILY = "1,2";
			};
			name = Debug;
		};
		3F9A36B12C23F26500BA19A8 /* Release */ = {
			isa = XCBuildConfiguration;
			buildSettings = {
				ASSETCATALOG_COMPILER_APPICON_NAME = AppIcon;
				ASSETCATALOG_COMPILER_GLOBAL_ACCENT_COLOR_NAME = AccentColor;
				CODE_SIGN_STYLE = Automatic;
				CURRENT_PROJECT_VERSION = 1;
				DEVELOPMENT_ASSET_PATHS = "\"Landing Screen/Preview Content\"";
				ENABLE_PREVIEWS = YES;
				GENERATE_INFOPLIST_FILE = YES;
				INFOPLIST_KEY_UIApplicationSceneManifest_Generation = YES;
				INFOPLIST_KEY_UIApplicationSupportsIndirectInputEvents = YES;
				INFOPLIST_KEY_UILaunchScreen_Generation = YES;
				INFOPLIST_KEY_UISupportedInterfaceOrientations_iPad = "UIInterfaceOrientationPortrait UIInterfaceOrientationPortraitUpsideDown UIInterfaceOrientationLandscapeLeft UIInterfaceOrientationLandscapeRight";
				INFOPLIST_KEY_UISupportedInterfaceOrientations_iPhone = "UIInterfaceOrientationPortrait UIInterfaceOrientationLandscapeLeft UIInterfaceOrientationLandscapeRight";
				LD_RUNPATH_SEARCH_PATHS = (
					"$(inherited)",
					"@executable_path/Frameworks",
				);
				MARKETING_VERSION = 1.0;
				PRODUCT_BUNDLE_IDENTIFIER = "com.App.Landing-Screen";
				PRODUCT_NAME = "$(TARGET_NAME)";
				SWIFT_EMIT_LOC_STRINGS = YES;
				SWIFT_VERSION = 5.0;
				TARGETED_DEVICE_FAMILY = "1,2";
			};
			name = Release;
		};
		3F9A36B32C23F26500BA19A8 /* Debug */ = {
			isa = XCBuildConfiguration;
			buildSettings = {
				ALWAYS_EMBED_SWIFT_STANDARD_LIBRARIES = YES;
				BUNDLE_LOADER = "$(TEST_HOST)";
				CODE_SIGN_STYLE = Automatic;
				CURRENT_PROJECT_VERSION = 1;
				GENERATE_INFOPLIST_FILE = YES;
				IPHONEOS_DEPLOYMENT_TARGET = 17.2;
				MARKETING_VERSION = 1.0;
				PRODUCT_BUNDLE_IDENTIFIER = "com.App.Landing-ScreenTests";
				PRODUCT_NAME = "$(TARGET_NAME)";
				SWIFT_EMIT_LOC_STRINGS = NO;
				SWIFT_VERSION = 5.0;
				TARGETED_DEVICE_FAMILY = "1,2";
				TEST_HOST = "$(BUILT_PRODUCTS_DIR)/Landing Screen.app/$(BUNDLE_EXECUTABLE_FOLDER_PATH)/Landing Screen";
			};
			name = Debug;
		};
		3F9A36B42C23F26500BA19A8 /* Release */ = {
			isa = XCBuildConfiguration;
			buildSettings = {
				ALWAYS_EMBED_SWIFT_STANDARD_LIBRARIES = YES;
				BUNDLE_LOADER = "$(TEST_HOST)";
				CODE_SIGN_STYLE = Automatic;
				CURRENT_PROJECT_VERSION = 1;
				GENERATE_INFOPLIST_FILE = YES;
				IPHONEOS_DEPLOYMENT_TARGET = 17.2;
				MARKETING_VERSION = 1.0;
				PRODUCT_BUNDLE_IDENTIFIER = "com.App.Landing-ScreenTests";
				PRODUCT_NAME = "$(TARGET_NAME)";
				SWIFT_EMIT_LOC_STRINGS = NO;
				SWIFT_VERSION = 5.0;
				TARGETED_DEVICE_FAMILY = "1,2";
				TEST_HOST = "$(BUILT_PRODUCTS_DIR)/Landing Screen.app/$(BUNDLE_EXECUTABLE_FOLDER_PATH)/Landing Screen";
			};
			name = Release;
		};
		3F9A36B62C23F26500BA19A8 /* Debug */ = {
			isa = XCBuildConfiguration;
			buildSettings = {
				ALWAYS_EMBED_SWIFT_STANDARD_LIBRARIES = YES;
				CODE_SIGN_STYLE = Automatic;
				CURRENT_PROJECT_VERSION = 1;
				GENERATE_INFOPLIST_FILE = YES;
				MARKETING_VERSION = 1.0;
				PRODUCT_BUNDLE_IDENTIFIER = "com.App.Landing-ScreenUITests";
				PRODUCT_NAME = "$(TARGET_NAME)";
				SWIFT_EMIT_LOC_STRINGS = NO;
				SWIFT_VERSION = 5.0;
				TARGETED_DEVICE_FAMILY = "1,2";
				TEST_TARGET_NAME = "Landing Screen";
			};
			name = Debug;
		};
		3F9A36B72C23F26500BA19A8 /* Release */ = {
			isa = XCBuildConfiguration;
			buildSettings = {
				ALWAYS_EMBED_SWIFT_STANDARD_LIBRARIES = YES;
				CODE_SIGN_STYLE = Automatic;
				CURRENT_PROJECT_VERSION = 1;
				GENERATE_INFOPLIST_FILE = YES;
				MARKETING_VERSION = 1.0;
				PRODUCT_BUNDLE_IDENTIFIER = "com.App.Landing-ScreenUITests";
				PRODUCT_NAME = "$(TARGET_NAME)";
				SWIFT_EMIT_LOC_STRINGS = NO;
				SWIFT_VERSION = 5.0;
				TARGETED_DEVICE_FAMILY = "1,2";
				TEST_TARGET_NAME = "Landing Screen";
			};
			name = Release;
		};
/* End XCBuildConfiguration section */

/* Begin XCConfigurationList section */
		3F9A36862C23F26400BA19A8 /* Build configuration list for PBXProject "Landing Screen" */ = {
			isa = XCConfigurationList;
			buildConfigurations = (
				3F9A36AD2C23F26500BA19A8 /* Debug */,
				3F9A36AE2C23F26500BA19A8 /* Release */,
			);
			defaultConfigurationIsVisible = 0;
			defaultConfigurationName = Release;
		};
		3F9A36AF2C23F26500BA19A8 /* Build configuration list for PBXNativeTarget "Landing Screen" */ = {
			isa = XCConfigurationList;
			buildConfigurations = (
				3F9A36B02C23F26500BA19A8 /* Debug */,
				3F9A36B12C23F26500BA19A8 /* Release */,
			);
			defaultConfigurationIsVisible = 0;
			defaultConfigurationName = Release;
		};
		3F9A36B22C23F26500BA19A8 /* Build configuration list for PBXNativeTarget "Landing ScreenTests" */ = {
			isa = XCConfigurationList;
			buildConfigurations = (
				3F9A36B32C23F26500BA19A8 /* Debug */,
				3F9A36B42C23F26500BA19A8 /* Release */,
			);
			defaultConfigurationIsVisible = 0;
			defaultConfigurationName = Release;
		};
		3F9A36B52C23F26500BA19A8 /* Build configuration list for PBXNativeTarget "Landing ScreenUITests" */ = {
			isa = XCConfigurationList;
			buildConfigurations = (
				3F9A36B62C23F26500BA19A8 /* Debug */,
				3F9A36B72C23F26500BA19A8 /* Release */,
			);
			defaultConfigurationIsVisible = 0;
			defaultConfigurationName = Release;
		};
/* End XCConfigurationList section */
	};
	rootObject = 3F9A36832C23F26400BA19A8 /* Project object */;
}
